{
  "name": "frontend",
  "lockfileVersion": 3,
  "requires": true,
  "packages": {
    "": {
      "dependencies": {
        "backend": "file:.."
      }
    },
    "..": {
      "version": "1.0.0",
      "license": "ISC",
      "dependencies": {
        "@prisma/client": "^5.22.0",
        "@types/express": "^5.0.0",
        "@types/ws": "^8.5.13",
        "bcrypt": "^5.1.1",
        "cors": "^2.8.5",
        "dotenv": "^16.4.5",
        "express": "^4.21.1",
        "jsonwebtoken": "^9.0.2",
        "mongoose": "^8.8.2",
        "nodemon": "^3.1.7",
        "prisma": "^5.22.0",
        "socket.io": "^4.8.1",
        "url": "^0.11.4",
        "ws": "^8.18.0",
        "zod": "^3.23.8"
      },
      "devDependencies": {
        "@types/bcrypt": "^5.0.2",
        "@types/cors": "^2.8.17",
        "@types/jsonwebtoken": "^9.0.7"
      }
    },
    "node_modules/backend": {
      "resolved": "..",
      "link": true
    }
  }
}
